
Microsoft Visual Studio Solution File, Format Version 12.00
# Visual Studio Version 16
VisualStudioVersion = 16.0.29306.81
MinimumVisualStudioVersion = 10.0.40219.1
Project("{FAE04EC0-301F-11D3-BF4B-00C04F79EFBC}") = "VarijableVijezba2", "VarijableVijezba2\VarijableVijezba2.csproj", "{BD9CEFFB-4A02-4B6E-9338-7DE696584E6D}"
EndProject
Global
	GlobalSection(SolutionConfigurationPlatforms) = preSolution
		Debug|Any CPU = Debug|Any CPU
		Release|Any CPU = Release|Any CPU
	EndGlobalSection
	GlobalSection(ProjectConfigurationPlatforms) = postSolution
		{BD9CEFFB-4A02-4B6E-9338-7DE696584E6D}.Debug|Any CPU.ActiveCfg = Debug|Any CPU
		{BD9CEFFB-4A02-4B6E-9338-7DE696584E6D}.Debug|Any CPU.Build.0 = Debug|Any CPU
		{BD9CEFFB-4A02-4B6E-9338-7DE696584E6D}.Release|Any CPU.ActiveCfg = Release|Any CPU
		{BD9CEFFB-4A02-4B6E-9338-7DE696584E6D}.Release|Any CPU.Build.0 = Release|Any CPU
	EndGlobalSection
	GlobalSection(SolutionProperties) = preSolution
		HideSolutionNode = FALSE
	EndGlobalSection
	GlobalSection(ExtensibilityGlobals) = postSolution
		SolutionGuid = {670EBDDA-FAD6-470F-8749-7D43E63C41E5}
	EndGlobalSection
EndGlobal
